
Microsoft Visual Studio Solution File, Format Version 12.00
# Visual Studio Version 16
VisualStudioVersion = 16.0.28803.452
MinimumVisualStudioVersion = 10.0.40219.1
Project("{FAE04EC0-301F-11D3-BF4B-00C04F79EFBC}") = "ConsolaTesting", "ConsolaTesting\ConsolaTesting.csproj", "{8882BCA0-0076-48E4-B512-5E8DEF0FD018}"
EndProject
Project("{FAE04EC0-301F-11D3-BF4B-00C04F79EFBC}") = "WindowsFormsTesting", "WindowsFormsTesting\WindowsFormsTesting.csproj", "{160C97CD-B558-496A-BEEC-87BD750A1EFE}"
EndProject
Project("{FAE04EC0-301F-11D3-BF4B-00C04F79EFBC}") = "ClassLibrary1", "ClassLibrary1\ClassLibrary1.csproj", "{ED54653E-81A7-49D7-9969-A8C1AC0537B0}"
EndProject
Global
	GlobalSection(SolutionConfigurationPlatforms) = preSolution
		Debug|Any CPU = Debug|Any CPU
		Release|Any CPU = Release|Any CPU
	EndGlobalSection
	GlobalSection(ProjectConfigurationPlatforms) = postSolution
		{8882BCA0-0076-48E4-B512-5E8DEF0FD018}.Debug|Any CPU.ActiveCfg = Debug|Any CPU
		{8882BCA0-0076-48E4-B512-5E8DEF0FD018}.Debug|Any CPU.Build.0 = Debug|Any CPU
		{8882BCA0-0076-48E4-B512-5E8DEF0FD018}.Release|Any CPU.ActiveCfg = Release|Any CPU
		{8882BCA0-0076-48E4-B512-5E8DEF0FD018}.Release|Any CPU.Build.0 = Release|Any CPU
		{160C97CD-B558-496A-BEEC-87BD750A1EFE}.Debug|Any CPU.ActiveCfg = Debug|Any CPU
		{160C97CD-B558-496A-BEEC-87BD750A1EFE}.Debug|Any CPU.Build.0 = Debug|Any CPU
		{160C97CD-B558-496A-BEEC-87BD750A1EFE}.Release|Any CPU.ActiveCfg = Release|Any CPU
		{160C97CD-B558-496A-BEEC-87BD750A1EFE}.Release|Any CPU.Build.0 = Release|Any CPU
		{ED54653E-81A7-49D7-9969-A8C1AC0537B0}.Debug|Any CPU.ActiveCfg = Debug|Any CPU
		{ED54653E-81A7-49D7-9969-A8C1AC0537B0}.Debug|Any CPU.Build.0 = Debug|Any CPU
		{ED54653E-81A7-49D7-9969-A8C1AC0537B0}.Release|Any CPU.ActiveCfg = Release|Any CPU
		{ED54653E-81A7-49D7-9969-A8C1AC0537B0}.Release|Any CPU.Build.0 = Release|Any CPU
	EndGlobalSection
	GlobalSection(SolutionProperties) = preSolution
		HideSolutionNode = FALSE
	EndGlobalSection
	GlobalSection(ExtensibilityGlobals) = postSolution
		SolutionGuid = {1138ACD9-50BF-4787-AE05-BD835E473E20}
	EndGlobalSection
EndGlobal
